{
	"name": "bpk-docs",
	"version": "0.0.361",
	"lockfileVersion": 1,
	"requires": true,
	"dependencies": {
		"bpk-animate-height": {
			"version": "file:../../backpack/packages/bpk-animate-height",
			"dev": true,
			"requires": {
				"prop-types": "^15.6.2"
			}
		},
		"bpk-component-accordion": {
			"version": "file:../../backpack/packages/bpk-component-accordion",
			"dev": true,
			"requires": {
				"bpk-animate-height": "^1.1.87",
				"bpk-component-icon": "^3.27.5",
				"bpk-mixins": "^17.17.0",
				"bpk-react-utils": "^2.7.4",
				"prop-types": "^15.6.2"
			}
		},
		"bpk-component-autosuggest": {
			"version": "file:../../backpack/packages/bpk-component-autosuggest",
			"dev": true,
			"requires": {
				"bpk-component-input": "^4.0.2",
				"bpk-mixins": "^17.17.0",
				"bpk-react-utils": "^2.7.4",
				"prop-types": "^15.6.2",
				"react-autosuggest": "^9.4.2"
			}
		},
		"bpk-component-badge": {
			"version": "file:../../backpack/packages/bpk-component-badge",
			"dev": true,
			"requires": {
				"bpk-mixins": "^17.17.0",
				"bpk-react-utils": "^2.7.4",
				"prop-types": "^15.6.2"
			}
		},
		"bpk-component-banner-alert": {
			"version": "file:../../backpack/packages/bpk-component-banner-alert",
			"dev": true,
			"requires": {
				"bpk-animate-height": "^1.1.87",
				"bpk-component-close-button": "^1.0.117",
				"bpk-component-icon": "^3.27.5",
				"bpk-mixins": "^17.17.0",
				"bpk-react-utils": "^2.7.4",
				"bpk-tokens": "^27.5.0",
				"prop-types": "^15.6.2",
				"react-transition-group": "^2.5.3"
			}
		},
		"bpk-component-barchart": {
			"version": "file:../../backpack/packages/bpk-component-barchart",
			"dev": true,
			"requires": {
				"bpk-component-mobile-scroll-container": "^1.1.56",
				"bpk-mixins": "^17.17.0",
				"bpk-react-utils": "^2.7.4",
				"bpk-tokens": "^27.5.0",
				"d3-path": "^1.0.5",
				"d3-scale": "^2.1.0",
				"lodash.debounce": "^4.0.8",
				"prop-types": "^15.6.2"
			}
		},
		"bpk-component-blockquote": {
			"version": "file:../../backpack/packages/bpk-component-blockquote",
			"dev": true,
			"requires": {
				"bpk-mixins": "^17.17.0",
				"bpk-react-utils": "^2.7.4",
				"prop-types": "^15.6.2"
			}
		},
		"bpk-component-breadcrumb": {
			"version": "file:../../backpack/packages/bpk-component-breadcrumb",
			"dev": true,
			"requires": {
				"bpk-component-icon": "^3.27.5",
				"bpk-component-link": "^1.2.51",
				"bpk-component-text": "^1.0.112",
				"bpk-mixins": "^17.17.0",
				"bpk-react-utils": "^2.7.4",
				"prop-types": "^15.6.2"
			}
		},
		"bpk-component-breakpoint": {
			"version": "file:../../backpack/packages/bpk-component-breakpoint",
			"dev": true,
			"requires": {
				"bpk-mixins": "^17.17.0",
				"prop-types": "^15.6.2",
				"react-responsive": "^5.0.0"
			}
		},
		"bpk-component-button": {
			"version": "file:../../backpack/packages/bpk-component-button",
			"dev": true,
			"requires": {
				"bpk-mixins": "^17.17.0",
				"prop-types": "^15.6.2"
			}
		},
		"bpk-component-calendar": {
			"version": "file:../../backpack/packages/bpk-component-calendar",
			"dev": true,
			"requires": {
				"bpk-component-icon": "^3.27.5",
				"bpk-component-select": "^2.2.52",
				"bpk-mixins": "^17.17.0",
				"bpk-react-utils": "^2.7.4",
				"bpk-tokens": "^27.5.0",
				"date-fns": "^1.29.0",
				"prop-types": "^15.6.2"
			}
		},
		"bpk-component-card": {
			"version": "file:../../backpack/packages/bpk-component-card",
			"dev": true,
			"requires": {
				"bpk-mixins": "^17.17.0",
				"bpk-react-utils": "^2.7.4",
				"prop-types": "^15.6.2"
			}
		},
		"bpk-component-checkbox": {
			"version": "file:../../backpack/packages/bpk-component-checkbox",
			"dev": true,
			"requires": {
				"bpk-component-icon": "^3.27.5",
				"bpk-mixins": "^17.17.0",
				"bpk-react-utils": "^2.7.4",
				"prop-types": "^15.6.2"
			}
		},
		"bpk-component-chip": {
			"version": "file:../../backpack/packages/bpk-component-chip",
			"dev": true,
			"requires": {
				"bpk-component-close-button": "^1.0.117",
				"bpk-mixins": "^17.17.0",
				"bpk-react-utils": "^2.7.4",
				"prop-types": "^15.6.2"
			}
		},
		"bpk-component-close-button": {
			"version": "file:../../backpack/packages/bpk-component-close-button",
			"dev": true,
			"requires": {
				"bpk-component-icon": "^3.27.5",
				"bpk-mixins": "^17.17.0",
				"bpk-react-utils": "^2.7.4",
				"prop-types": "^15.6.2"
			}
		},
		"bpk-component-code": {
			"version": "file:../../backpack/packages/bpk-component-code",
			"dev": true,
			"requires": {
				"bpk-mixins": "^17.17.0",
				"bpk-react-utils": "^2.7.4",
				"prop-types": "^15.6.2"
			}
		},
		"bpk-component-content-container": {
			"version": "file:../../backpack/packages/bpk-component-content-container",
			"dev": true,
			"requires": {
				"bpk-mixins": "^17.17.0",
				"bpk-react-utils": "^2.7.4",
				"prop-types": "^15.6.2"
			}
		},
		"bpk-component-datepicker": {
			"version": "file:../../backpack/packages/bpk-component-datepicker",
			"dev": true,
			"requires": {
				"bpk-component-breakpoint": "^1.1.51",
				"bpk-component-calendar": "^4.5.13",
				"bpk-component-input": "^4.0.2",
				"bpk-component-modal": "^1.8.44",
				"bpk-component-popover": "^2.2.20",
				"bpk-mixins": "^17.17.0",
				"bpk-react-utils": "^2.7.4",
				"prop-types": "^15.6.2"
			}
		},
		"bpk-component-description-list": {
			"version": "file:../../backpack/packages/bpk-component-description-list",
			"dev": true,
			"requires": {
				"bpk-mixins": "^17.17.0",
				"bpk-react-utils": "^2.7.4",
				"prop-types": "^15.6.2"
			}
		},
		"bpk-component-dialog": {
			"version": "file:../../backpack/packages/bpk-component-dialog",
			"dev": true,
			"requires": {
				"bpk-component-modal": "^1.8.44",
				"prop-types": "^15.6.2"
			}
		},
		"bpk-component-drawer": {
			"version": "file:../../backpack/packages/bpk-component-drawer",
			"dev": true,
			"requires": {
				"bpk-component-close-button": "^1.0.117",
				"bpk-component-icon": "^3.27.5",
				"bpk-component-link": "^1.2.51",
				"bpk-mixins": "^17.17.0",
				"bpk-react-utils": "^2.7.4",
				"bpk-scrim-utils": "^3.2.50",
				"bpk-tokens": "^27.5.0",
				"prop-types": "^15.6.2",
				"react-transition-group": "^2.5.3"
			}
		},
		"bpk-component-fieldset": {
			"version": "file:../../backpack/packages/bpk-component-fieldset",
			"dev": true,
			"requires": {
				"bpk-component-form-validation": "^2.0.1",
				"bpk-component-label": "^3.2.120",
				"bpk-mixins": "^17.17.0",
				"bpk-react-utils": "^2.7.4",
				"prop-types": "^15.6.2"
			}
		},
		"bpk-component-form-validation": {
			"version": "file:../../backpack/packages/bpk-component-form-validation",
			"dev": true,
			"requires": {
				"bpk-animate-height": "^1.1.87",
				"bpk-mixins": "^17.17.0",
				"bpk-react-utils": "^2.7.4",
				"prop-types": "^15.6.2"
			}
		},
		"bpk-component-grid": {
			"version": "file:../../backpack/packages/bpk-component-grid",
			"dev": true,
			"requires": {
				"bpk-mixins": "^17.17.0",
				"bpk-react-utils": "^2.7.4",
				"prop-types": "^15.6.2"
			}
		},
		"bpk-component-grid-toggle": {
			"version": "file:../../backpack/packages/bpk-component-grid-toggle",
			"dev": true,
			"requires": {
				"bpk-component-link": "^1.2.51",
				"bpk-mixins": "^17.17.0",
				"bpk-react-utils": "^2.7.4",
				"prop-types": "^15.6.2"
			}
		},
		"bpk-component-horizontal-nav": {
			"version": "file:../../backpack/packages/bpk-component-horizontal-nav",
			"dev": true,
			"requires": {
				"bpk-component-mobile-scroll-container": "^1.1.56",
				"bpk-mixins": "^17.17.0",
				"bpk-react-utils": "^2.7.4",
				"prop-types": "^15.6.2"
			}
		},
		"bpk-component-icon": {
			"version": "file:../../backpack/packages/bpk-component-icon",
			"dev": true,
			"requires": {
				"bpk-mixins": "^17.17.0",
				"bpk-react-utils": "^2.7.4",
				"bpk-svgs": "^6.4.3",
				"bpk-tokens": "^27.5.0",
				"prop-types": "^15.6.2"
			}
		},
		"bpk-component-image": {
			"version": "file:../../backpack/packages/bpk-component-image",
			"dev": true,
			"requires": {
				"bpk-component-spinner": "^2.2.82",
				"bpk-mixins": "^17.17.0",
				"bpk-react-utils": "^2.7.4",
				"prop-types": "^15.6.2",
				"react-transition-group": "^2.5.3"
			}
		},
		"bpk-component-infinite-scroll": {
			"version": "file:../../backpack/packages/bpk-component-infinite-scroll",
			"dev": true,
			"requires": {
				"bpk-mixins": "^17.17.0",
				"bpk-react-utils": "^2.7.4",
				"intersection-observer": "^0.5.0",
				"prop-types": "^15.6.2"
			}
		},
		"bpk-component-input": {
			"version": "file:../../backpack/packages/bpk-component-input",
			"dev": true,
			"requires": {
				"bpk-component-icon": "^3.27.5",
				"bpk-mixins": "^17.17.0",
				"bpk-react-utils": "^2.7.4",
				"prop-types": "^15.6.2"
			}
		},
		"bpk-component-label": {
			"version": "file:../../backpack/packages/bpk-component-label",
			"dev": true,
			"requires": {
				"bpk-mixins": "^17.17.0",
				"bpk-react-utils": "^2.7.4",
				"prop-types": "^15.6.2"
			}
		},
		"bpk-component-link": {
			"version": "file:../../backpack/packages/bpk-component-link",
			"dev": true,
			"requires": {
				"bpk-mixins": "^17.17.0",
				"bpk-react-utils": "^2.7.4",
				"prop-types": "^15.6.2"
			}
		},
		"bpk-component-list": {
			"version": "file:../../backpack/packages/bpk-component-list",
			"dev": true,
			"requires": {
				"bpk-mixins": "^17.17.0",
				"bpk-react-utils": "^2.7.4",
				"prop-types": "^15.6.2"
			}
		},
		"bpk-component-loading-button": {
			"version": "file:../../backpack/packages/bpk-component-loading-button",
			"dev": true,
			"requires": {
				"bpk-component-button": "^2.1.52",
				"bpk-component-icon": "^3.27.5",
				"bpk-component-spinner": "^2.2.82",
				"bpk-mixins": "^17.17.0",
				"bpk-react-utils": "^2.7.4",
				"prop-types": "^15.6.2"
			}
		},
		"bpk-component-map": {
			"version": "file:../../backpack/packages/bpk-component-map",
			"dev": true,
			"requires": {
				"bpk-component-spinner": "^2.2.82",
				"bpk-mixins": "^17.17.0",
				"bpk-react-utils": "^2.7.4",
				"prop-types": "^15.5.8",
				"react-google-maps": "^9.4.5"
			}
		},
		"bpk-component-mobile-scroll-container": {
			"version": "file:../../backpack/packages/bpk-component-mobile-scroll-container",
			"dev": true,
			"requires": {
				"bpk-mixins": "^17.17.0",
				"bpk-react-utils": "^2.7.4",
				"lodash.debounce": "^4.0.8",
				"prop-types": "^15.6.2"
			}
		},
		"bpk-component-modal": {
			"version": "file:../../backpack/packages/bpk-component-modal",
			"dev": true,
			"requires": {
				"bpk-component-close-button": "^1.0.117",
				"bpk-component-icon": "^3.27.5",
				"bpk-component-link": "^1.2.51",
				"bpk-mixins": "^17.17.0",
				"bpk-react-utils": "^2.7.4",
				"bpk-scrim-utils": "^3.2.50",
				"prop-types": "^15.6.2"
			}
		},
		"bpk-component-navigation-bar": {
			"version": "file:../../backpack/packages/bpk-component-navigation-bar",
			"dev": true,
			"requires": {
				"bpk-component-close-button": "^1.0.117",
				"bpk-component-link": "^1.2.51",
				"bpk-component-text": "^1.0.112",
				"bpk-mixins": "^17.17.0",
				"bpk-react-utils": "^2.7.4",
				"prop-types": "^15.6.2"
			}
		},
		"bpk-component-navigation-stack": {
			"version": "file:../../backpack/packages/bpk-component-navigation-stack",
			"dev": true,
			"requires": {
				"bpk-mixins": "^17.17.0",
				"bpk-react-utils": "^2.7.4",
				"bpk-tokens": "^27.5.0",
				"prop-types": "^15.6.2",
				"react-transition-group": "^2.5.3"
			}
		},
		"bpk-component-nudger": {
			"version": "file:../../backpack/packages/bpk-component-nudger",
			"dev": true,
			"requires": {
				"bpk-component-button": "^2.1.52",
				"bpk-component-icon": "^3.27.5",
				"bpk-mixins": "^17.17.0",
				"bpk-react-utils": "^2.7.4",
				"bpk-tokens": "^27.5.0",
				"lodash.clamp": "^4.0.3",
				"prop-types": "^15.6.2"
			}
		},
		"bpk-component-pagination": {
			"version": "file:../../backpack/packages/bpk-component-pagination",
			"dev": true,
			"requires": {
				"bpk-component-button": "^2.1.52",
				"bpk-mixins": "^17.17.0",
				"bpk-react-utils": "^2.7.4",
				"prop-types": "^15.6.2"
			}
		},
		"bpk-component-panel": {
			"version": "file:../../backpack/packages/bpk-component-panel",
			"dev": true,
			"requires": {
				"bpk-mixins": "^17.17.0",
				"bpk-react-utils": "^2.7.4",
				"prop-types": "^15.6.2"
			}
		},
		"bpk-component-phone-input": {
			"version": "file:../../backpack/packages/bpk-component-phone-input",
			"dev": true,
			"requires": {
				"bpk-component-input": "^4.0.2",
				"bpk-component-label": "^3.2.120",
				"bpk-component-select": "^2.2.52",
				"bpk-component-text": "^1.0.112",
				"bpk-mixins": "^17.17.0",
				"bpk-react-utils": "^2.7.4",
				"bpk-tokens": "^27.5.0",
				"prop-types": "^15.6.2"
			}
		},
		"bpk-component-popover": {
			"version": "file:../../backpack/packages/bpk-component-popover",
			"dev": true,
			"requires": {
				"@skyscanner/popper.js": "^1.12.9-beta.1",
				"a11y-focus-scope": "^1.1.3",
				"a11y-focus-store": "^1.0.0",
				"bpk-component-close-button": "^1.0.117",
				"bpk-component-link": "^1.2.51",
				"bpk-component-text": "^1.0.112",
				"bpk-mixins": "^17.17.0",
				"bpk-react-utils": "^2.7.4",
				"prop-types": "^15.6.2"
			}
		},
		"bpk-component-progress": {
			"version": "file:../../backpack/packages/bpk-component-progress",
			"dev": true,
			"requires": {
				"bpk-mixins": "^17.17.0",
				"bpk-react-utils": "^2.7.4",
				"bpk-tokens": "^27.5.0",
				"lodash.clamp": "^4.0.3",
				"prop-types": "^15.6.2"
			}
		},
		"bpk-component-radio": {
			"version": "file:../../backpack/packages/bpk-component-radio",
			"dev": true,
			"requires": {
				"bpk-mixins": "^17.17.0",
				"bpk-react-utils": "^2.7.4",
				"prop-types": "^15.6.2"
			}
		},
		"bpk-component-router-link": {
			"version": "file:../../backpack/packages/bpk-component-router-link",
			"dev": true,
			"requires": {
				"bpk-mixins": "^17.17.0",
				"bpk-react-utils": "^2.7.4",
				"prop-types": "^15.6.2"
			}
		},
		"bpk-component-rtl-toggle": {
			"version": "file:../../backpack/packages/bpk-component-rtl-toggle",
			"dev": true,
			"requires": {
				"bpk-component-link": "^1.2.51",
				"bpk-react-utils": "^2.7.4",
				"prop-types": "^15.6.2"
			}
		},
		"bpk-component-scrollable-calendar": {
			"version": "file:../../backpack/packages/bpk-component-scrollable-calendar",
			"dev": true,
			"requires": {
				"bpk-component-calendar": "^4.5.13",
				"bpk-component-text": "^1.0.112",
				"bpk-mixins": "^17.17.0",
				"bpk-react-utils": "^2.7.4",
				"prop-types": "^15.5.8",
				"react-window": "^1.5.0"
			}
		},
		"bpk-component-section-list": {
			"version": "file:../../backpack/packages/bpk-component-section-list",
			"dev": true,
			"requires": {
				"bpk-component-icon": "^3.27.5",
				"bpk-component-text": "^1.0.112",
				"bpk-mixins": "^17.17.0",
				"bpk-react-utils": "^2.7.4",
				"bpk-tokens": "^27.5.0",
				"prop-types": "^15.6.2"
			}
		},
		"bpk-component-select": {
			"version": "file:../../backpack/packages/bpk-component-select",
			"dev": true,
			"requires": {
				"bpk-mixins": "^17.17.0",
				"bpk-react-utils": "^2.7.4",
				"prop-types": "^15.6.2"
			}
		},
		"bpk-component-slider": {
			"version": "file:../../backpack/packages/bpk-component-slider",
			"dev": true,
			"requires": {
				"bpk-mixins": "^17.17.0",
				"bpk-react-utils": "^2.7.4",
				"bpk-tokens": "^27.5.0",
				"prop-types": "^15.6.2",
				"react-slider": "^0.11.2"
			}
		},
		"bpk-component-spinner": {
			"version": "file:../../backpack/packages/bpk-component-spinner",
			"dev": true,
			"requires": {
				"bpk-mixins": "^17.17.0",
				"bpk-react-utils": "^2.7.4",
				"bpk-svgs": "^6.4.3",
				"prop-types": "^15.6.2"
			}
		},
		"bpk-component-star-rating": {
			"version": "file:../../backpack/packages/bpk-component-star-rating",
			"dev": true,
			"requires": {
				"bpk-component-icon": "^3.27.5",
				"bpk-mixins": "^17.17.0",
				"bpk-react-utils": "^2.7.4",
				"prop-types": "^15.6.2"
			}
		},
		"bpk-component-table": {
			"version": "file:../../backpack/packages/bpk-component-table",
			"dev": true,
			"requires": {
				"bpk-mixins": "^17.17.0",
				"bpk-react-utils": "^2.7.4",
				"prop-types": "^15.6.2"
			}
		},
		"bpk-component-text": {
			"version": "file:../../backpack/packages/bpk-component-text",
			"dev": true,
			"requires": {
				"bpk-mixins": "^17.17.0",
				"bpk-react-utils": "^2.7.4",
				"prop-types": "^15.6.2"
			}
		},
		"bpk-component-textarea": {
			"version": "file:../../backpack/packages/bpk-component-textarea",
			"dev": true,
			"requires": {
				"bpk-mixins": "^17.17.0",
				"bpk-react-utils": "^2.7.4",
				"prop-types": "^15.6.2"
			}
		},
		"bpk-component-theme-toggle": {
			"version": "file:../../backpack/packages/bpk-component-theme-toggle",
			"dev": true,
			"requires": {
				"bpk-component-label": "^3.2.120",
				"bpk-component-select": "^2.2.52",
				"bpk-mixins": "^17.17.0",
				"bpk-react-utils": "^2.7.4",
				"bpk-tokens": "^27.5.0",
				"prop-types": "^15.6.2"
			}
		},
		"bpk-component-ticket": {
			"version": "file:../../backpack/packages/bpk-component-ticket",
			"dev": true,
			"requires": {
				"bpk-mixins": "^17.17.0",
				"bpk-react-utils": "^2.7.4",
				"prop-types": "^15.6.2"
			}
		},
		"bpk-component-tooltip": {
			"version": "file:../../backpack/packages/bpk-component-tooltip",
			"dev": true,
			"requires": {
				"@skyscanner/popper.js": "^1.12.9-beta.1",
				"bpk-mixins": "^17.17.0",
				"bpk-react-utils": "^2.7.4",
				"prop-types": "^15.6.2"
			}
		},
		"bpk-mixins": {
			"version": "file:../../backpack/packages/bpk-mixins",
			"dev": true,
			"requires": {
				"bpk-svgs": "^6.4.3",
				"bpk-tokens": "^27.5.0"
			}
		},
		"bpk-react-utils": {
			"version": "file:../../backpack/packages/bpk-react-utils",
			"dev": true,
			"requires": {
				"object-assign": "^4.1.1",
				"prop-types": "^15.6.2",
				"react-transition-group": "^2.5.3",
				"recompose": "^0.30.0"
			}
		},
		"bpk-stylesheets": {
			"version": "file:../../backpack/packages/bpk-stylesheets",
			"dev": true,
			"requires": {
				"bpk-mixins": "^17.17.0",
				"bpk-tokens": "^27.5.0",
				"normalize.css": "4.2.0"
			}
		},
		"bpk-svgs": {
			"version": "file:../../backpack/packages/bpk-svgs",
			"dev": true
		},
		"bpk-theming": {
			"version": "file:../../backpack/packages/bpk-theming",
			"dev": true,
			"requires": {
				"bpk-tokens": "^27.5.0",
				"prop-types": "^15.6.2"
			}
		},
		"bpk-tokens": {
			"version": "file:../../backpack/packages/bpk-tokens",
			"dev": true,
			"requires": {
				"color": "^3.0.0"
			}
		},
		"date-fns": {
			"version": "1.30.1",
			"resolved": "https://registry.npmjs.org/date-fns/-/date-fns-1.30.1.tgz",
			"integrity": "sha512-hBSVCvSmWC+QypYObzwGOd9wqdDpOt+0wl0KbU+R+uuZBS1jN8VsD1ss3irQDknRj5NvxiTF6oj/nDRnN/UQNw==",
			"dev": true
		},
		"es6-promise": {
			"version": "4.2.6",
			"resolved": "https://registry.npmjs.org/es6-promise/-/es6-promise-4.2.6.tgz",
			"integrity": "sha512-aRVgGdnmW2OiySVPUC9e6m+plolMAJKjZnQlCwNSuK5yQ0JN61DZSO1X1Ufd1foqWRAlig0rhduTCHe7sVtK5Q==",
			"dev": true
		},
		"js-tokens": {
			"version": "4.0.0",
			"resolved": "https://registry.npmjs.org/js-tokens/-/js-tokens-4.0.0.tgz",
			"integrity": "sha512-RdJUflcE3cUzKiMqQgsCu06FPu9UdIJO0beYbPhHN4k6apgJtifcoCtT9bcxOpYBtpD2kCM6Sbzg4CausW/PKQ==",
			"dev": true
		},
		"loose-envify": {
			"version": "1.4.0",
			"resolved": "https://registry.npmjs.org/loose-envify/-/loose-envify-1.4.0.tgz",
			"integrity": "sha512-lyuxPGr/Wfhrlem2CL/UcnUc1zcqKAImBDzukY7Y5F/yQiNdko6+fRLevlw1HgMySw7f611UIY408EtxRSoK3Q==",
			"dev": true,
			"requires": {
				"js-tokens": "^3.0.0 || ^4.0.0"
			}
		},
		"object-assign": {
			"version": "4.1.1",
			"resolved": "https://registry.npmjs.org/object-assign/-/object-assign-4.1.1.tgz",
			"integrity": "sha1-IQmtx5ZYh8/AXLvUQsrIv7s2CGM=",
			"dev": true
		},
		"prop-types": {
			"version": "15.7.2",
			"resolved": "https://registry.npmjs.org/prop-types/-/prop-types-15.7.2.tgz",
			"integrity": "sha512-8QQikdH7//R2vurIJSutZ1smHYTcLpRWEOlHnzcWHmBYrOGUysKwSsrC89BCiFj3CbrfJ/nXFdJepOVrY1GCHQ==",
			"dev": true,
			"requires": {
				"loose-envify": "^1.4.0",
				"object-assign": "^4.1.1",
				"react-is": "^16.8.1"
			}
		},
		"react-is": {
			"version": "16.8.6",
			"resolved": "https://registry.npmjs.org/react-is/-/react-is-16.8.6.tgz",
			"integrity": "sha512-aUk3bHfZ2bRSVFFbbeVS4i+lNPZr3/WM5jT2J5omUVV1zzcs1nAaf3l51ctA5FFvCRbhrH0bdAsRRQddFJZPtA==",
			"dev": true
		}
	}
}
